
Microsoft Visual Studio Solution File, Format Version 12.00
# Visual Studio Version 16
VisualStudioVersion = 16.0.30517.126
MinimumVisualStudioVersion = 10.0.40219.1
Project("{FAE04EC0-301F-11D3-BF4B-00C04F79EFBC}") = "LeaveManagementSystem", "LeaveManagementSystem\LeaveManagementSystem.csproj", "{73F8F2B9-68A2-4925-A5D3-95D87F148A12}"
EndProject
Project("{FAE04EC0-301F-11D3-BF4B-00C04F79EFBC}") = "Company.DomainModels", "Company.DomainModels\Company.DomainModels.csproj", "{DA6E540F-0B31-4C06-9E63-C56CBBB5B60D}"
EndProject
Project("{FAE04EC0-301F-11D3-BF4B-00C04F79EFBC}") = "Company.ServiceLayer", "Company.ServiceLayer\Company.ServiceLayer.csproj", "{8E52F8D3-FCE5-4091-A966-ACB2AAF76404}"
EndProject
Project("{FAE04EC0-301F-11D3-BF4B-00C04F79EFBC}") = "Company.ServiceContracts", "Company.ServiceContracts\Company.ServiceContracts.csproj", "{4BB31896-3E0D-49A9-949A-C1555B5000D8}"
EndProject
Project("{FAE04EC0-301F-11D3-BF4B-00C04F79EFBC}") = "Company.ViewModels", "Company.ViewModels\Company.ViewModels.csproj", "{C4153B46-34CD-4C64-B933-7BECBA0FA325}"
EndProject
Project("{FAE04EC0-301F-11D3-BF4B-00C04F79EFBC}") = "Company.RepositoryContracts", "Company.RepositoryContracts\Company.RepositoryContracts.csproj", "{F1C1150D-3A7B-4EE4-873C-E905E9556128}"
EndProject
Project("{FAE04EC0-301F-11D3-BF4B-00C04F79EFBC}") = "Company.RepositoryLayer", "Company.RepositoryLayer\Company.RepositoryLayer.csproj", "{D585C887-8136-48B0-A7FB-BE114C8B8C3E}"
EndProject
Global
	GlobalSection(SolutionConfigurationPlatforms) = preSolution
		Debug|Any CPU = Debug|Any CPU
		Release|Any CPU = Release|Any CPU
	EndGlobalSection
	GlobalSection(ProjectConfigurationPlatforms) = postSolution
		{73F8F2B9-68A2-4925-A5D3-95D87F148A12}.Debug|Any CPU.ActiveCfg = Debug|Any CPU
		{73F8F2B9-68A2-4925-A5D3-95D87F148A12}.Debug|Any CPU.Build.0 = Debug|Any CPU
		{73F8F2B9-68A2-4925-A5D3-95D87F148A12}.Release|Any CPU.ActiveCfg = Release|Any CPU
		{73F8F2B9-68A2-4925-A5D3-95D87F148A12}.Release|Any CPU.Build.0 = Release|Any CPU
		{DA6E540F-0B31-4C06-9E63-C56CBBB5B60D}.Debug|Any CPU.ActiveCfg = Debug|Any CPU
		{DA6E540F-0B31-4C06-9E63-C56CBBB5B60D}.Debug|Any CPU.Build.0 = Debug|Any CPU
		{DA6E540F-0B31-4C06-9E63-C56CBBB5B60D}.Release|Any CPU.ActiveCfg = Release|Any CPU
		{DA6E540F-0B31-4C06-9E63-C56CBBB5B60D}.Release|Any CPU.Build.0 = Release|Any CPU
		{8E52F8D3-FCE5-4091-A966-ACB2AAF76404}.Debug|Any CPU.ActiveCfg = Debug|Any CPU
		{8E52F8D3-FCE5-4091-A966-ACB2AAF76404}.Debug|Any CPU.Build.0 = Debug|Any CPU
		{8E52F8D3-FCE5-4091-A966-ACB2AAF76404}.Release|Any CPU.ActiveCfg = Release|Any CPU
		{8E52F8D3-FCE5-4091-A966-ACB2AAF76404}.Release|Any CPU.Build.0 = Release|Any CPU
		{4BB31896-3E0D-49A9-949A-C1555B5000D8}.Debug|Any CPU.ActiveCfg = Debug|Any CPU
		{4BB31896-3E0D-49A9-949A-C1555B5000D8}.Debug|Any CPU.Build.0 = Debug|Any CPU
		{4BB31896-3E0D-49A9-949A-C1555B5000D8}.Release|Any CPU.ActiveCfg = Release|Any CPU
		{4BB31896-3E0D-49A9-949A-C1555B5000D8}.Release|Any CPU.Build.0 = Release|Any CPU
		{C4153B46-34CD-4C64-B933-7BECBA0FA325}.Debug|Any CPU.ActiveCfg = Debug|Any CPU
		{C4153B46-34CD-4C64-B933-7BECBA0FA325}.Debug|Any CPU.Build.0 = Debug|Any CPU
		{C4153B46-34CD-4C64-B933-7BECBA0FA325}.Release|Any CPU.ActiveCfg = Release|Any CPU
		{C4153B46-34CD-4C64-B933-7BECBA0FA325}.Release|Any CPU.Build.0 = Release|Any CPU
		{F1C1150D-3A7B-4EE4-873C-E905E9556128}.Debug|Any CPU.ActiveCfg = Debug|Any CPU
		{F1C1150D-3A7B-4EE4-873C-E905E9556128}.Debug|Any CPU.Build.0 = Debug|Any CPU
		{F1C1150D-3A7B-4EE4-873C-E905E9556128}.Release|Any CPU.ActiveCfg = Release|Any CPU
		{F1C1150D-3A7B-4EE4-873C-E905E9556128}.Release|Any CPU.Build.0 = Release|Any CPU
		{D585C887-8136-48B0-A7FB-BE114C8B8C3E}.Debug|Any CPU.ActiveCfg = Debug|Any CPU
		{D585C887-8136-48B0-A7FB-BE114C8B8C3E}.Debug|Any CPU.Build.0 = Debug|Any CPU
		{D585C887-8136-48B0-A7FB-BE114C8B8C3E}.Release|Any CPU.ActiveCfg = Release|Any CPU
		{D585C887-8136-48B0-A7FB-BE114C8B8C3E}.Release|Any CPU.Build.0 = Release|Any CPU
	EndGlobalSection
	GlobalSection(SolutionProperties) = preSolution
		HideSolutionNode = FALSE
	EndGlobalSection
	GlobalSection(ExtensibilityGlobals) = postSolution
		SolutionGuid = {30844DDC-97A6-4CEB-805F-3E601F4B7DC8}
	EndGlobalSection
EndGlobal
